
Microsoft Visual Studio Solution File, Format Version 10.00
# Visual Studio 2008
Project("{FAE04EC0-301F-11D3-BF4B-00C04F79EFBC}") = "KonamiTournamentSoftware", "KonamiTournamentSoftware.csproj", "{5219A8B1-A5B0-44C4-9384-D6EBF5FBBCAB}"
EndProject
Global
	GlobalSection(SolutionConfigurationPlatforms) = preSolution
		Debug|Any CPU = Debug|Any CPU
		Release|Any CPU = Release|Any CPU
	EndGlobalSection
	GlobalSection(ProjectConfigurationPlatforms) = postSolution
		{5219A8B1-A5B0-44C4-9384-D6EBF5FBBCAB}.Debug|Any CPU.ActiveCfg = Debug|Any CPU
		{5219A8B1-A5B0-44C4-9384-D6EBF5FBBCAB}.Debug|Any CPU.Build.0 = Debug|Any CPU
		{5219A8B1-A5B0-44C4-9384-D6EBF5FBBCAB}.Release|Any CPU.ActiveCfg = Release|Any CPU
		{5219A8B1-A5B0-44C4-9384-D6EBF5FBBCAB}.Release|Any CPU.Build.0 = Release|Any CPU
	EndGlobalSection
	GlobalSection(SolutionProperties) = preSolution
		HideSolutionNode = FALSE
	EndGlobalSection
EndGlobal
